
Microsoft Visual Studio Solution File, Format Version 12.00
# Visual Studio Version 17
VisualStudioVersion = 17.9.34616.47
MinimumVisualStudioVersion = 10.0.40219.1
Project("{8BC9CEB8-8B4A-11D0-8D11-00A0C91BC942}") = "August26_COSC1437.002", "August26_COSC1437.002\August26_COSC1437.002.vcxproj", "{13D7F238-906F-400C-9993-DBFA173541C8}"
EndProject
Project("{8BC9CEB8-8B4A-11D0-8D11-00A0C91BC942}") = "Demo printing Unicode characters", "Demo printing Unicode characters\Demo printing Unicode characters.vcxproj", "{0EF75266-A1DB-4C52-8E97-A21E136316FD}"
EndProject
Project("{8BC9CEB8-8B4A-11D0-8D11-00A0C91BC942}") = "One student submission of CCN validation lab", "basic Hello world skeleton1\basic Hello world skeleton1.vcxproj", "{C29FAA18-B7B2-443D-95C9-A317BDDDECB2}"
EndProject
Project("{8BC9CEB8-8B4A-11D0-8D11-00A0C91BC942}") = "basic Hello world skeleton2", "basic Hello world skeleton2\basic Hello world skeleton2.vcxproj", "{58084E99-990F-454C-A946-774B5B6D3754}"
EndProject
Project("{8BC9CEB8-8B4A-11D0-8D11-00A0C91BC942}") = "fileReadin And character countin!", "fileReadin And character countin!\fileReadin And character countin!.vcxproj", "{AC3D6046-3AB3-47C0-A263-40428A289130}"
EndProject
Project("{8BC9CEB8-8B4A-11D0-8D11-00A0C91BC942}") = "MultilingualCodingDemo", "MultilingualCodingDemo\MultilingualCodingDemo.vcxproj", "{5BA8366A-9C61-4BB4-BEEE-9FF739EEE832}"
EndProject
Project("{8BC9CEB8-8B4A-11D0-8D11-00A0C91BC942}") = "TicTacToe", "TicTacToe\TicTacToe.vcxproj", "{DB8427C9-237A-4524-A23A-24715142BF50}"
EndProject
Project("{8BC9CEB8-8B4A-11D0-8D11-00A0C91BC942}") = "AStudentSubmissionOfSandwichGenerator", "AStudentSubmissionOfSandwichGenerator\AStudentSubmissionOfSandwichGenerator.vcxproj", "{BBD768DD-60BD-4E13-980A-213D2503E91A}"
EndProject
Global
	GlobalSection(SolutionConfigurationPlatforms) = preSolution
		Debug|x64 = Debug|x64
		Debug|x86 = Debug|x86
		Release|x64 = Release|x64
		Release|x86 = Release|x86
	EndGlobalSection
	GlobalSection(ProjectConfigurationPlatforms) = postSolution
		{13D7F238-906F-400C-9993-DBFA173541C8}.Debug|x64.ActiveCfg = Debug|x64
		{13D7F238-906F-400C-9993-DBFA173541C8}.Debug|x64.Build.0 = Debug|x64
		{13D7F238-906F-400C-9993-DBFA173541C8}.Debug|x86.ActiveCfg = Debug|Win32
		{13D7F238-906F-400C-9993-DBFA173541C8}.Debug|x86.Build.0 = Debug|Win32
		{13D7F238-906F-400C-9993-DBFA173541C8}.Release|x64.ActiveCfg = Release|x64
		{13D7F238-906F-400C-9993-DBFA173541C8}.Release|x64.Build.0 = Release|x64
		{13D7F238-906F-400C-9993-DBFA173541C8}.Release|x86.ActiveCfg = Release|Win32
		{13D7F238-906F-400C-9993-DBFA173541C8}.Release|x86.Build.0 = Release|Win32
		{0EF75266-A1DB-4C52-8E97-A21E136316FD}.Debug|x64.ActiveCfg = Debug|x64
		{0EF75266-A1DB-4C52-8E97-A21E136316FD}.Debug|x64.Build.0 = Debug|x64
		{0EF75266-A1DB-4C52-8E97-A21E136316FD}.Debug|x86.ActiveCfg = Debug|Win32
		{0EF75266-A1DB-4C52-8E97-A21E136316FD}.Debug|x86.Build.0 = Debug|Win32
		{0EF75266-A1DB-4C52-8E97-A21E136316FD}.Release|x64.ActiveCfg = Release|x64
		{0EF75266-A1DB-4C52-8E97-A21E136316FD}.Release|x64.Build.0 = Release|x64
		{0EF75266-A1DB-4C52-8E97-A21E136316FD}.Release|x86.ActiveCfg = Release|Win32
		{0EF75266-A1DB-4C52-8E97-A21E136316FD}.Release|x86.Build.0 = Release|Win32
		{C29FAA18-B7B2-443D-95C9-A317BDDDECB2}.Debug|x64.ActiveCfg = Debug|x64
		{C29FAA18-B7B2-443D-95C9-A317BDDDECB2}.Debug|x64.Build.0 = Debug|x64
		{C29FAA18-B7B2-443D-95C9-A317BDDDECB2}.Debug|x86.ActiveCfg = Debug|Win32
		{C29FAA18-B7B2-443D-95C9-A317BDDDECB2}.Debug|x86.Build.0 = Debug|Win32
		{C29FAA18-B7B2-443D-95C9-A317BDDDECB2}.Release|x64.ActiveCfg = Release|x64
		{C29FAA18-B7B2-443D-95C9-A317BDDDECB2}.Release|x64.Build.0 = Release|x64
		{C29FAA18-B7B2-443D-95C9-A317BDDDECB2}.Release|x86.ActiveCfg = Release|Win32
		{C29FAA18-B7B2-443D-95C9-A317BDDDECB2}.Release|x86.Build.0 = Release|Win32
		{58084E99-990F-454C-A946-774B5B6D3754}.Debug|x64.ActiveCfg = Debug|x64
		{58084E99-990F-454C-A946-774B5B6D3754}.Debug|x64.Build.0 = Debug|x64
		{58084E99-990F-454C-A946-774B5B6D3754}.Debug|x86.ActiveCfg = Debug|Win32
		{58084E99-990F-454C-A946-774B5B6D3754}.Debug|x86.Build.0 = Debug|Win32
		{58084E99-990F-454C-A946-774B5B6D3754}.Release|x64.ActiveCfg = Release|x64
		{58084E99-990F-454C-A946-774B5B6D3754}.Release|x64.Build.0 = Release|x64
		{58084E99-990F-454C-A946-774B5B6D3754}.Release|x86.ActiveCfg = Release|Win32
		{58084E99-990F-454C-A946-774B5B6D3754}.Release|x86.Build.0 = Release|Win32
		{AC3D6046-3AB3-47C0-A263-40428A289130}.Debug|x64.ActiveCfg = Debug|x64
		{AC3D6046-3AB3-47C0-A263-40428A289130}.Debug|x64.Build.0 = Debug|x64
		{AC3D6046-3AB3-47C0-A263-40428A289130}.Debug|x86.ActiveCfg = Debug|Win32
		{AC3D6046-3AB3-47C0-A263-40428A289130}.Debug|x86.Build.0 = Debug|Win32
		{AC3D6046-3AB3-47C0-A263-40428A289130}.Release|x64.ActiveCfg = Release|x64
		{AC3D6046-3AB3-47C0-A263-40428A289130}.Release|x64.Build.0 = Release|x64
		{AC3D6046-3AB3-47C0-A263-40428A289130}.Release|x86.ActiveCfg = Release|Win32
		{AC3D6046-3AB3-47C0-A263-40428A289130}.Release|x86.Build.0 = Release|Win32
		{5BA8366A-9C61-4BB4-BEEE-9FF739EEE832}.Debug|x64.ActiveCfg = Debug|x64
		{5BA8366A-9C61-4BB4-BEEE-9FF739EEE832}.Debug|x64.Build.0 = Debug|x64
		{5BA8366A-9C61-4BB4-BEEE-9FF739EEE832}.Debug|x86.ActiveCfg = Debug|Win32
		{5BA8366A-9C61-4BB4-BEEE-9FF739EEE832}.Debug|x86.Build.0 = Debug|Win32
		{5BA8366A-9C61-4BB4-BEEE-9FF739EEE832}.Release|x64.ActiveCfg = Release|x64
		{5BA8366A-9C61-4BB4-BEEE-9FF739EEE832}.Release|x64.Build.0 = Release|x64
		{5BA8366A-9C61-4BB4-BEEE-9FF739EEE832}.Release|x86.ActiveCfg = Release|Win32
		{5BA8366A-9C61-4BB4-BEEE-9FF739EEE832}.Release|x86.Build.0 = Release|Win32
		{DB8427C9-237A-4524-A23A-24715142BF50}.Debug|x64.ActiveCfg = Debug|x64
		{DB8427C9-237A-4524-A23A-24715142BF50}.Debug|x64.Build.0 = Debug|x64
		{DB8427C9-237A-4524-A23A-24715142BF50}.Debug|x86.ActiveCfg = Debug|Win32
		{DB8427C9-237A-4524-A23A-24715142BF50}.Debug|x86.Build.0 = Debug|Win32
		{DB8427C9-237A-4524-A23A-24715142BF50}.Release|x64.ActiveCfg = Release|x64
		{DB8427C9-237A-4524-A23A-24715142BF50}.Release|x64.Build.0 = Release|x64
		{DB8427C9-237A-4524-A23A-24715142BF50}.Release|x86.ActiveCfg = Release|Win32
		{DB8427C9-237A-4524-A23A-24715142BF50}.Release|x86.Build.0 = Release|Win32
		{BBD768DD-60BD-4E13-980A-213D2503E91A}.Debug|x64.ActiveCfg = Debug|x64
		{BBD768DD-60BD-4E13-980A-213D2503E91A}.Debug|x64.Build.0 = Debug|x64
		{BBD768DD-60BD-4E13-980A-213D2503E91A}.Debug|x86.ActiveCfg = Debug|Win32
		{BBD768DD-60BD-4E13-980A-213D2503E91A}.Debug|x86.Build.0 = Debug|Win32
		{BBD768DD-60BD-4E13-980A-213D2503E91A}.Release|x64.ActiveCfg = Release|x64
		{BBD768DD-60BD-4E13-980A-213D2503E91A}.Release|x64.Build.0 = Release|x64
		{BBD768DD-60BD-4E13-980A-213D2503E91A}.Release|x86.ActiveCfg = Release|Win32
		{BBD768DD-60BD-4E13-980A-213D2503E91A}.Release|x86.Build.0 = Release|Win32
	EndGlobalSection
	GlobalSection(SolutionProperties) = preSolution
		HideSolutionNode = FALSE
	EndGlobalSection
	GlobalSection(ExtensibilityGlobals) = postSolution
		SolutionGuid = {56373387-6A26-4E91-AA71-F1059C568C4D}
	EndGlobalSection
EndGlobal
